
Microsoft Visual Studio Solution File, Format Version 12.00
# Visual Studio Version 17
VisualStudioVersion = 17.10.35013.160
MinimumVisualStudioVersion = 10.0.40219.1
Project("{FAE04EC0-301F-11D3-BF4B-00C04F79EFBC}") = "OrdersManagement", "OrdersManagement\OrdersManagement.csproj", "{6F4DFDB6-642A-4524-AB53-F350473112A3}"
EndProject
Global
	GlobalSection(SolutionConfigurationPlatforms) = preSolution
		Debug|Any CPU = Debug|Any CPU
		Release|Any CPU = Release|Any CPU
	EndGlobalSection
	GlobalSection(ProjectConfigurationPlatforms) = postSolution
		{6F4DFDB6-642A-4524-AB53-F350473112A3}.Debug|Any CPU.ActiveCfg = Debug|Any CPU
		{6F4DFDB6-642A-4524-AB53-F350473112A3}.Debug|Any CPU.Build.0 = Debug|Any CPU
		{6F4DFDB6-642A-4524-AB53-F350473112A3}.Release|Any CPU.ActiveCfg = Release|Any CPU
		{6F4DFDB6-642A-4524-AB53-F350473112A3}.Release|Any CPU.Build.0 = Release|Any CPU
	EndGlobalSection
	GlobalSection(SolutionProperties) = preSolution
		HideSolutionNode = FALSE
	EndGlobalSection
	GlobalSection(ExtensibilityGlobals) = postSolution
		SolutionGuid = {B802CEFB-027B-4685-8623-55F32A9DD78D}
	EndGlobalSection
EndGlobal
